// !$*UTF8*$!
{
	archiveVersion = 1;
	classes = {
	};
	objectVersion = 56;
	objects = {

/* Begin PBXBuildFile section */
		133CB752294236CB00E68ADF /* ProfileViewController.swift in Sources */ = {isa = PBXBuildFile; fileRef = 133CB751294236CB00E68ADF /* ProfileViewController.swift */; };
		1356AD1C29953CD300E20DF2 /* ImagesListService.swift in Sources */ = {isa = PBXBuildFile; fileRef = 1356AD1B29953CD300E20DF2 /* ImagesListService.swift */; };
		135B71B32976E8CA00446EDB /* ProgressHUD in Frameworks */ = {isa = PBXBuildFile; productRef = 135B71B22976E8CA00446EDB /* ProgressHUD */; };
		135B71B5297990D600446EDB /* UIBlockingProgressHUD.swift in Sources */ = {isa = PBXBuildFile; fileRef = 135B71B4297990D600446EDB /* UIBlockingProgressHUD.swift */; };
		135B71B7297994FF00446EDB /* ProfileService.swift in Sources */ = {isa = PBXBuildFile; fileRef = 135B71B6297994FF00446EDB /* ProfileService.swift */; };
		135B71B9298B843E00446EDB /* NetworkExtension.swift in Sources */ = {isa = PBXBuildFile; fileRef = 135B71B8298B843E00446EDB /* NetworkExtension.swift */; };
		135B71BB298CDC0100446EDB /* ProfileImageService.swift in Sources */ = {isa = PBXBuildFile; fileRef = 135B71BA298CDC0100446EDB /* ProfileImageService.swift */; };
		135B71BE298E500B00446EDB /* Kingfisher in Frameworks */ = {isa = PBXBuildFile; productRef = 135B71BD298E500B00446EDB /* Kingfisher */; };
		135B71C1298E790400446EDB /* SwiftKeychainWrapper in Frameworks */ = {isa = PBXBuildFile; productRef = 135B71C0298E790400446EDB /* SwiftKeychainWrapper */; };
		135B71C4298FC2A900446EDB /* TabBarController.swift in Sources */ = {isa = PBXBuildFile; fileRef = 135B71C3298FC2A900446EDB /* TabBarController.swift */; };
		137642EA294A2192002D0F53 /* SingleImageViewController.swift in Sources */ = {isa = PBXBuildFile; fileRef = 137642E9294A2192002D0F53 /* SingleImageViewController.swift */; };
		13918DEF2959EF5F001B6EB3 /* AuthConfiguration.swift in Sources */ = {isa = PBXBuildFile; fileRef = 13918DEE2959EF5F001B6EB3 /* AuthConfiguration.swift */; };
		1391C033292A730B00E613AB /* ImagesListCell.swift in Sources */ = {isa = PBXBuildFile; fileRef = 1391C032292A730B00E613AB /* ImagesListCell.swift */; };
		1391C059292BC30C00E613AB /* YS Display-Bold.ttf in Resources */ = {isa = PBXBuildFile; fileRef = 1391C057292BC30C00E613AB /* YS Display-Bold.ttf */; };
		1391C05A292BC30C00E613AB /* YS Display-Medium.ttf in Resources */ = {isa = PBXBuildFile; fileRef = 1391C058292BC30C00E613AB /* YS Display-Medium.ttf */; };
		13B060AE29644CDD003A3939 /* AuthViewController.swift in Sources */ = {isa = PBXBuildFile; fileRef = 13B060AD29644CDD003A3939 /* AuthViewController.swift */; };
		13B060B029645750003A3939 /* WebViewViewController.swift in Sources */ = {isa = PBXBuildFile; fileRef = 13B060AF29645750003A3939 /* WebViewViewController.swift */; };
		13B83A2B29D045DC0005828A /* WebViewPresenter.swift in Sources */ = {isa = PBXBuildFile; fileRef = 13B83A2A29D045DC0005828A /* WebViewPresenter.swift */; };
		13B83A2D29D07C360005828A /* AuthHelper.swift in Sources */ = {isa = PBXBuildFile; fileRef = 13B83A2C29D07C360005828A /* AuthHelper.swift */; };
		13D5F8902969ADF700957C1E /* OAuthTokenResponseBody.swift in Sources */ = {isa = PBXBuildFile; fileRef = 13D5F88F2969ADF700957C1E /* OAuthTokenResponseBody.swift */; };
		13D5F8922969B82700957C1E /* OAuth2Service.swift in Sources */ = {isa = PBXBuildFile; fileRef = 13D5F8912969B82700957C1E /* OAuth2Service.swift */; };
		13D5F894296B08D200957C1E /* OAuth2TokenStorage.swift in Sources */ = {isa = PBXBuildFile; fileRef = 13D5F893296B08D200957C1E /* OAuth2TokenStorage.swift */; };
		13D5F896296C5EAD00957C1E /* SplashViewController.swift in Sources */ = {isa = PBXBuildFile; fileRef = 13D5F895296C5EAD00957C1E /* SplashViewController.swift */; };
		13E39A4E29268FDA006D2BBF /* AppDelegate.swift in Sources */ = {isa = PBXBuildFile; fileRef = 13E39A4D29268FDA006D2BBF /* AppDelegate.swift */; };
		13E39A5029268FDA006D2BBF /* SceneDelegate.swift in Sources */ = {isa = PBXBuildFile; fileRef = 13E39A4F29268FDA006D2BBF /* SceneDelegate.swift */; };
		13E39A5229268FDA006D2BBF /* ImagesListViewController.swift in Sources */ = {isa = PBXBuildFile; fileRef = 13E39A5129268FDA006D2BBF /* ImagesListViewController.swift */; };
		13E39A5529268FDA006D2BBF /* Main.storyboard in Resources */ = {isa = PBXBuildFile; fileRef = 13E39A5329268FDA006D2BBF /* Main.storyboard */; };
		13E39A5729268FDB006D2BBF /* Assets.xcassets in Resources */ = {isa = PBXBuildFile; fileRef = 13E39A5629268FDB006D2BBF /* Assets.xcassets */; };
		13E39A5A29268FDB006D2BBF /* LaunchScreen.storyboard in Resources */ = {isa = PBXBuildFile; fileRef = 13E39A5829268FDB006D2BBF /* LaunchScreen.storyboard */; };
/* End PBXBuildFile section */

/* Begin PBXFileReference section */
		133CB751294236CB00E68ADF /* ProfileViewController.swift */ = {isa = PBXFileReference; lastKnownFileType = sourcecode.swift; path = ProfileViewController.swift; sourceTree = "<group>"; };
		1356AD1B29953CD300E20DF2 /* ImagesListService.swift */ = {isa = PBXFileReference; lastKnownFileType = sourcecode.swift; path = ImagesListService.swift; sourceTree = "<group>"; };
		135B71B4297990D600446EDB /* UIBlockingProgressHUD.swift */ = {isa = PBXFileReference; lastKnownFileType = sourcecode.swift; path = UIBlockingProgressHUD.swift; sourceTree = "<group>"; };
		135B71B6297994FF00446EDB /* ProfileService.swift */ = {isa = PBXFileReference; lastKnownFileType = sourcecode.swift; path = ProfileService.swift; sourceTree = "<group>"; };
		135B71B8298B843E00446EDB /* NetworkExtension.swift */ = {isa = PBXFileReference; lastKnownFileType = sourcecode.swift; path = NetworkExtension.swift; sourceTree = "<group>"; };
		135B71BA298CDC0100446EDB /* ProfileImageService.swift */ = {isa = PBXFileReference; lastKnownFileType = sourcecode.swift; path = ProfileImageService.swift; sourceTree = "<group>"; };
		135B71C3298FC2A900446EDB /* TabBarController.swift */ = {isa = PBXFileReference; lastKnownFileType = sourcecode.swift; path = TabBarController.swift; sourceTree = "<group>"; };
		137642E9294A2192002D0F53 /* SingleImageViewController.swift */ = {isa = PBXFileReference; lastKnownFileType = sourcecode.swift; path = SingleImageViewController.swift; sourceTree = "<group>"; };
		13918DEE2959EF5F001B6EB3 /* AuthConfiguration.swift */ = {isa = PBXFileReference; lastKnownFileType = sourcecode.swift; path = AuthConfiguration.swift; sourceTree = "<group>"; };
		1391C032292A730B00E613AB /* ImagesListCell.swift */ = {isa = PBXFileReference; lastKnownFileType = sourcecode.swift; path = ImagesListCell.swift; sourceTree = "<group>"; };
		1391C057292BC30C00E613AB /* YS Display-Bold.ttf */ = {isa = PBXFileReference; lastKnownFileType = file; path = "YS Display-Bold.ttf"; sourceTree = "<group>"; };
		1391C058292BC30C00E613AB /* YS Display-Medium.ttf */ = {isa = PBXFileReference; lastKnownFileType = file; path = "YS Display-Medium.ttf"; sourceTree = "<group>"; };
		13B060AD29644CDD003A3939 /* AuthViewController.swift */ = {isa = PBXFileReference; lastKnownFileType = sourcecode.swift; path = AuthViewController.swift; sourceTree = "<group>"; };
		13B060AF29645750003A3939 /* WebViewViewController.swift */ = {isa = PBXFileReference; lastKnownFileType = sourcecode.swift; path = WebViewViewController.swift; sourceTree = "<group>"; };
		13B83A2A29D045DC0005828A /* WebViewPresenter.swift */ = {isa = PBXFileReference; lastKnownFileType = sourcecode.swift; path = WebViewPresenter.swift; sourceTree = "<group>"; };
		13B83A2C29D07C360005828A /* AuthHelper.swift */ = {isa = PBXFileReference; lastKnownFileType = sourcecode.swift; path = AuthHelper.swift; sourceTree = "<group>"; };
		13D5F88F2969ADF700957C1E /* OAuthTokenResponseBody.swift */ = {isa = PBXFileReference; lastKnownFileType = sourcecode.swift; path = OAuthTokenResponseBody.swift; sourceTree = "<group>"; };
		13D5F8912969B82700957C1E /* OAuth2Service.swift */ = {isa = PBXFileReference; lastKnownFileType = sourcecode.swift; path = OAuth2Service.swift; sourceTree = "<group>"; };
		13D5F893296B08D200957C1E /* OAuth2TokenStorage.swift */ = {isa = PBXFileReference; lastKnownFileType = sourcecode.swift; path = OAuth2TokenStorage.swift; sourceTree = "<group>"; };
		13D5F895296C5EAD00957C1E /* SplashViewController.swift */ = {isa = PBXFileReference; lastKnownFileType = sourcecode.swift; path = SplashViewController.swift; sourceTree = "<group>"; };
		13E39A4A29268FDA006D2BBF /* ImageFeed.app */ = {isa = PBXFileReference; explicitFileType = wrapper.application; includeInIndex = 0; path = ImageFeed.app; sourceTree = BUILT_PRODUCTS_DIR; };
		13E39A4D29268FDA006D2BBF /* AppDelegate.swift */ = {isa = PBXFileReference; lastKnownFileType = sourcecode.swift; path = AppDelegate.swift; sourceTree = "<group>"; };
		13E39A4F29268FDA006D2BBF /* SceneDelegate.swift */ = {isa = PBXFileReference; lastKnownFileType = sourcecode.swift; path = SceneDelegate.swift; sourceTree = "<group>"; };
		13E39A5129268FDA006D2BBF /* ImagesListViewController.swift */ = {isa = PBXFileReference; lastKnownFileType = sourcecode.swift; path = ImagesListViewController.swift; sourceTree = "<group>"; };
		13E39A5429268FDA006D2BBF /* Base */ = {isa = PBXFileReference; lastKnownFileType = file.storyboard; name = Base; path = Base.lproj/Main.storyboard; sourceTree = "<group>"; };
		13E39A5629268FDB006D2BBF /* Assets.xcassets */ = {isa = PBXFileReference; lastKnownFileType = folder.assetcatalog; path = Assets.xcassets; sourceTree = "<group>"; };
		13E39A5929268FDB006D2BBF /* Base */ = {isa = PBXFileReference; lastKnownFileType = file.storyboard; name = Base; path = Base.lproj/LaunchScreen.storyboard; sourceTree = "<group>"; };
		13E39A5B29268FDB006D2BBF /* Info.plist */ = {isa = PBXFileReference; lastKnownFileType = text.plist.xml; path = Info.plist; sourceTree = "<group>"; };
/* End PBXFileReference section */

/* Begin PBXFrameworksBuildPhase section */
		13E39A4729268FDA006D2BBF /* Frameworks */ = {
			isa = PBXFrameworksBuildPhase;
			buildActionMask = 2147483647;
			files = (
				135B71BE298E500B00446EDB /* Kingfisher in Frameworks */,
				135B71B32976E8CA00446EDB /* ProgressHUD in Frameworks */,
				135B71C1298E790400446EDB /* SwiftKeychainWrapper in Frameworks */,
			);
			runOnlyForDeploymentPostprocessing = 0;
		};
/* End PBXFrameworksBuildPhase section */

/* Begin PBXGroup section */
		133CB7502942368800E68ADF /* Profile */ = {
			isa = PBXGroup;
			children = (
				133CB751294236CB00E68ADF /* ProfileViewController.swift */,
				135B71B6297994FF00446EDB /* ProfileService.swift */,
				135B71BA298CDC0100446EDB /* ProfileImageService.swift */,
			);
			path = Profile;
			sourceTree = "<group>";
		};
		1340D0412958261500EFC546 /* SingleImage */ = {
			isa = PBXGroup;
			children = (
				137642E9294A2192002D0F53 /* SingleImageViewController.swift */,
			);
			path = SingleImage;
			sourceTree = "<group>";
		};
		135B71C2298FC28800446EDB /* TabBar */ = {
			isa = PBXGroup;
			children = (
				135B71C3298FC2A900446EDB /* TabBarController.swift */,
			);
			path = TabBar;
			sourceTree = "<group>";
		};
		1391C034292A734A00E613AB /* ImageList */ = {
			isa = PBXGroup;
			children = (
				13E39A5129268FDA006D2BBF /* ImagesListViewController.swift */,
				1391C032292A730B00E613AB /* ImagesListCell.swift */,
				1356AD1B29953CD300E20DF2 /* ImagesListService.swift */,
			);
			path = ImageList;
			sourceTree = "<group>";
		};
		1391C055292BC23700E613AB /* Resources */ = {
			isa = PBXGroup;
			children = (
				1391C056292BC27100E613AB /* YS Fonts */,
				13E39A5629268FDB006D2BBF /* Assets.xcassets */,
				13E39A5829268FDB006D2BBF /* LaunchScreen.storyboard */,
				13E39A5329268FDA006D2BBF /* Main.storyboard */,
			);
			path = Resources;
			sourceTree = "<group>";
		};
		1391C056292BC27100E613AB /* YS Fonts */ = {
			isa = PBXGroup;
			children = (
				1391C057292BC30C00E613AB /* YS Display-Bold.ttf */,
				1391C058292BC30C00E613AB /* YS Display-Medium.ttf */,
			);
			path = "YS Fonts";
			sourceTree = "<group>";
		};
		13B060AC29644C57003A3939 /* Auth */ = {
			isa = PBXGroup;
			children = (
				13918DEE2959EF5F001B6EB3 /* AuthConfiguration.swift */,
				13B83A2C29D07C360005828A /* AuthHelper.swift */,
				13B060AD29644CDD003A3939 /* AuthViewController.swift */,
				13D5F88F2969ADF700957C1E /* OAuthTokenResponseBody.swift */,
				13D5F8912969B82700957C1E /* OAuth2Service.swift */,
				13D5F893296B08D200957C1E /* OAuth2TokenStorage.swift */,
				13B060AF29645750003A3939 /* WebViewViewController.swift */,
				13B83A2A29D045DC0005828A /* WebViewPresenter.swift */,
			);
			path = Auth;
			sourceTree = "<group>";
		};
		13D5F897296C5EB600957C1E /* SplashView */ = {
			isa = PBXGroup;
			children = (
				13D5F895296C5EAD00957C1E /* SplashViewController.swift */,
			);
			path = SplashView;
			sourceTree = "<group>";
		};
		13E39A4129268FDA006D2BBF = {
			isa = PBXGroup;
			children = (
				13E39A4C29268FDA006D2BBF /* ImageFeed */,
				13E39A4B29268FDA006D2BBF /* Products */,
			);
			sourceTree = "<group>";
		};
		13E39A4B29268FDA006D2BBF /* Products */ = {
			isa = PBXGroup;
			children = (
				13E39A4A29268FDA006D2BBF /* ImageFeed.app */,
			);
			name = Products;
			sourceTree = "<group>";
		};
		13E39A4C29268FDA006D2BBF /* ImageFeed */ = {
			isa = PBXGroup;
			children = (
				13E39A5B29268FDB006D2BBF /* Info.plist */,
				135B71B8298B843E00446EDB /* NetworkExtension.swift */,
				135B71B4297990D600446EDB /* UIBlockingProgressHUD.swift */,
				13E39A4D29268FDA006D2BBF /* AppDelegate.swift */,
				13E39A4F29268FDA006D2BBF /* SceneDelegate.swift */,
				135B71C2298FC28800446EDB /* TabBar */,
				13D5F897296C5EB600957C1E /* SplashView */,
				13B060AC29644C57003A3939 /* Auth */,
				1340D0412958261500EFC546 /* SingleImage */,
				133CB7502942368800E68ADF /* Profile */,
				1391C034292A734A00E613AB /* ImageList */,
				1391C055292BC23700E613AB /* Resources */,
			);
			path = ImageFeed;
			sourceTree = "<group>";
		};
/* End PBXGroup section */

/* Begin PBXNativeTarget section */
		13E39A4929268FDA006D2BBF /* ImageFeed */ = {
			isa = PBXNativeTarget;
			buildConfigurationList = 13E39A5E29268FDB006D2BBF /* Build configuration list for PBXNativeTarget "ImageFeed" */;
			buildPhases = (
				13E39A4629268FDA006D2BBF /* Sources */,
				13E39A4729268FDA006D2BBF /* Frameworks */,
				13E39A4829268FDA006D2BBF /* Resources */,
			);
			buildRules = (
			);
			dependencies = (
			);
			name = ImageFeed;
			packageProductDependencies = (
				135B71B22976E8CA00446EDB /* ProgressHUD */,
				135B71BD298E500B00446EDB /* Kingfisher */,
				135B71C0298E790400446EDB /* SwiftKeychainWrapper */,
			);
			productName = ImageFeed;
			productReference = 13E39A4A29268FDA006D2BBF /* ImageFeed.app */;
			productType = "com.apple.product-type.application";
		};
/* End PBXNativeTarget section */

/* Begin PBXProject section */
		13E39A4229268FDA006D2BBF /* Project object */ = {
			isa = PBXProject;
			attributes = {
				BuildIndependentTargetsInParallel = 1;
				LastSwiftUpdateCheck = 1410;
				LastUpgradeCheck = 1410;
				TargetAttributes = {
					13E39A4929268FDA006D2BBF = {
						CreatedOnToolsVersion = 14.1;
					};
				};
			};
			buildConfigurationList = 13E39A4529268FDA006D2BBF /* Build configuration list for PBXProject "ImageFeed" */;
			compatibilityVersion = "Xcode 14.0";
			developmentRegion = en;
			hasScannedForEncodings = 0;
			knownRegions = (
				en,
				Base,
			);
			mainGroup = 13E39A4129268FDA006D2BBF;
			packageReferences = (
				135B71B12976E8CA00446EDB /* XCRemoteSwiftPackageReference "ProgressHUD" */,
				135B71BC298E500B00446EDB /* XCRemoteSwiftPackageReference "Kingfisher" */,
				135B71BF298E790400446EDB /* XCRemoteSwiftPackageReference "SwiftKeychainWrapper" */,
			);
			productRefGroup = 13E39A4B29268FDA006D2BBF /* Products */;
			projectDirPath = "";
			projectRoot = "";
			targets = (
				13E39A4929268FDA006D2BBF /* ImageFeed */,
			);
		};
/* End PBXProject section */

/* Begin PBXResourcesBuildPhase section */
		13E39A4829268FDA006D2BBF /* Resources */ = {
			isa = PBXResourcesBuildPhase;
			buildActionMask = 2147483647;
			files = (
				13E39A5A29268FDB006D2BBF /* LaunchScreen.storyboard in Resources */,
				13E39A5729268FDB006D2BBF /* Assets.xcassets in Resources */,
				13E39A5529268FDA006D2BBF /* Main.storyboard in Resources */,
				1391C059292BC30C00E613AB /* YS Display-Bold.ttf in Resources */,
				1391C05A292BC30C00E613AB /* YS Display-Medium.ttf in Resources */,
			);
			runOnlyForDeploymentPostprocessing = 0;
		};
/* End PBXResourcesBuildPhase section */

/* Begin PBXSourcesBuildPhase section */
		13E39A4629268FDA006D2BBF /* Sources */ = {
			isa = PBXSourcesBuildPhase;
			buildActionMask = 2147483647;
			files = (
				13D5F894296B08D200957C1E /* OAuth2TokenStorage.swift in Sources */,
				1356AD1C29953CD300E20DF2 /* ImagesListService.swift in Sources */,
				13918DEF2959EF5F001B6EB3 /* AuthConfiguration.swift in Sources */,
				13E39A5229268FDA006D2BBF /* ImagesListViewController.swift in Sources */,
				135B71C4298FC2A900446EDB /* TabBarController.swift in Sources */,
				13B83A2D29D07C360005828A /* AuthHelper.swift in Sources */,
				1391C033292A730B00E613AB /* ImagesListCell.swift in Sources */,
				133CB752294236CB00E68ADF /* ProfileViewController.swift in Sources */,
				13D5F8922969B82700957C1E /* OAuth2Service.swift in Sources */,
				135B71BB298CDC0100446EDB /* ProfileImageService.swift in Sources */,
				13D5F896296C5EAD00957C1E /* SplashViewController.swift in Sources */,
				13B83A2B29D045DC0005828A /* WebViewPresenter.swift in Sources */,
				13D5F8902969ADF700957C1E /* OAuthTokenResponseBody.swift in Sources */,
				135B71B9298B843E00446EDB /* NetworkExtension.swift in Sources */,
				13B060AE29644CDD003A3939 /* AuthViewController.swift in Sources */,
				13E39A4E29268FDA006D2BBF /* AppDelegate.swift in Sources */,
				137642EA294A2192002D0F53 /* SingleImageViewController.swift in Sources */,
				13B060B029645750003A3939 /* WebViewViewController.swift in Sources */,
				13E39A5029268FDA006D2BBF /* SceneDelegate.swift in Sources */,
				135B71B5297990D600446EDB /* UIBlockingProgressHUD.swift in Sources */,
				135B71B7297994FF00446EDB /* ProfileService.swift in Sources */,
			);
			runOnlyForDeploymentPostprocessing = 0;
		};
/* End PBXSourcesBuildPhase section */

/* Begin PBXVariantGroup section */
		13E39A5329268FDA006D2BBF /* Main.storyboard */ = {
			isa = PBXVariantGroup;
			children = (
				13E39A5429268FDA006D2BBF /* Base */,
			);
			name = Main.storyboard;
			sourceTree = "<group>";
		};
		13E39A5829268FDB006D2BBF /* LaunchScreen.storyboard */ = {
			isa = PBXVariantGroup;
			children = (
				13E39A5929268FDB006D2BBF /* Base */,
			);
			name = LaunchScreen.storyboard;
			sourceTree = "<group>";
		};
/* End PBXVariantGroup section */

/* Begin XCBuildConfiguration section */
		13E39A5C29268FDB006D2BBF /* Debug */ = {
			isa = XCBuildConfiguration;
			buildSettings = {
				ALWAYS_SEARCH_USER_PATHS = NO;
				CLANG_ANALYZER_NONNULL = YES;
				CLANG_ANALYZER_NUMBER_OBJECT_CONVERSION = YES_AGGRESSIVE;
				CLANG_CXX_LANGUAGE_STANDARD = "gnu++20";
				CLANG_ENABLE_MODULES = YES;
				CLANG_ENABLE_OBJC_ARC = YES;
				CLANG_ENABLE_OBJC_WEAK = YES;
				CLANG_WARN_BLOCK_CAPTURE_AUTORELEASING = YES;
				CLANG_WARN_BOOL_CONVERSION = YES;
				CLANG_WARN_COMMA = YES;
				CLANG_WARN_CONSTANT_CONVERSION = YES;
				CLANG_WARN_DEPRECATED_OBJC_IMPLEMENTATIONS = YES;
				CLANG_WARN_DIRECT_OBJC_ISA_USAGE = YES_ERROR;
				CLANG_WARN_DOCUMENTATION_COMMENTS = YES;
				CLANG_WARN_EMPTY_BODY = YES;
				CLANG_WARN_ENUM_CONVERSION = YES;
				CLANG_WARN_INFINITE_RECURSION = YES;
				CLANG_WARN_INT_CONVERSION = YES;
				CLANG_WARN_NON_LITERAL_NULL_CONVERSION = YES;
				CLANG_WARN_OBJC_IMPLICIT_RETAIN_SELF = YES;
				CLANG_WARN_OBJC_LITERAL_CONVERSION = YES;
				CLANG_WARN_OBJC_ROOT_CLASS = YES_ERROR;
				CLANG_WARN_QUOTED_INCLUDE_IN_FRAMEWORK_HEADER = YES;
				CLANG_WARN_RANGE_LOOP_ANALYSIS = YES;
				CLANG_WARN_STRICT_PROTOTYPES = YES;
				CLANG_WARN_SUSPICIOUS_MOVE = YES;
				CLANG_WARN_UNGUARDED_AVAILABILITY = YES_AGGRESSIVE;
				CLANG_WARN_UNREACHABLE_CODE = YES;
				CLANG_WARN__DUPLICATE_METHOD_MATCH = YES;
				COPY_PHASE_STRIP = NO;
				DEBUG_INFORMATION_FORMAT = dwarf;
				ENABLE_STRICT_OBJC_MSGSEND = YES;
				ENABLE_TESTABILITY = YES;
				GCC_C_LANGUAGE_STANDARD = gnu11;
				GCC_DYNAMIC_NO_PIC = NO;
				GCC_NO_COMMON_BLOCKS = YES;
				GCC_OPTIMIZATION_LEVEL = 0;
				GCC_PREPROCESSOR_DEFINITIONS = (
					"DEBUG=1",
					"$(inherited)",
				);
				GCC_WARN_64_TO_32_BIT_CONVERSION = YES;
				GCC_WARN_ABOUT_RETURN_TYPE = YES_ERROR;
				GCC_WARN_UNDECLARED_SELECTOR = YES;
				GCC_WARN_UNINITIALIZED_AUTOS = YES_AGGRESSIVE;
				GCC_WARN_UNUSED_FUNCTION = YES;
				GCC_WARN_UNUSED_VARIABLE = YES;
				IPHONEOS_DEPLOYMENT_TARGET = 13.0;
				MTL_ENABLE_DEBUG_INFO = INCLUDE_SOURCE;
				MTL_FAST_MATH = YES;
				ONLY_ACTIVE_ARCH = YES;
				SDKROOT = iphoneos;
				SWIFT_ACTIVE_COMPILATION_CONDITIONS = DEBUG;
				SWIFT_OPTIMIZATION_LEVEL = "-Onone";
			};
			name = Debug;
		};
		13E39A5D29268FDB006D2BBF /* Release */ = {
			isa = XCBuildConfiguration;
			buildSettings = {
				ALWAYS_SEARCH_USER_PATHS = NO;
				CLANG_ANALYZER_NONNULL = YES;
				CLANG_ANALYZER_NUMBER_OBJECT_CONVERSION = YES_AGGRESSIVE;
				CLANG_CXX_LANGUAGE_STANDARD = "gnu++20";
				CLANG_ENABLE_MODULES = YES;
				CLANG_ENABLE_OBJC_ARC = YES;
				CLANG_ENABLE_OBJC_WEAK = YES;
				CLANG_WARN_BLOCK_CAPTURE_AUTORELEASING = YES;
				CLANG_WARN_BOOL_CONVERSION = YES;
				CLANG_WARN_COMMA = YES;
				CLANG_WARN_CONSTANT_CONVERSION = YES;
				CLANG_WARN_DEPRECATED_OBJC_IMPLEMENTATIONS = YES;
				CLANG_WARN_DIRECT_OBJC_ISA_USAGE = YES_ERROR;
				CLANG_WARN_DOCUMENTATION_COMMENTS = YES;
				CLANG_WARN_EMPTY_BODY = YES;
				CLANG_WARN_ENUM_CONVERSION = YES;
				CLANG_WARN_INFINITE_RECURSION = YES;
				CLANG_WARN_INT_CONVERSION = YES;
				CLANG_WARN_NON_LITERAL_NULL_CONVERSION = YES;
				CLANG_WARN_OBJC_IMPLICIT_RETAIN_SELF = YES;
				CLANG_WARN_OBJC_LITERAL_CONVERSION = YES;
				CLANG_WARN_OBJC_ROOT_CLASS = YES_ERROR;
				CLANG_WARN_QUOTED_INCLUDE_IN_FRAMEWORK_HEADER = YES;
				CLANG_WARN_RANGE_LOOP_ANALYSIS = YES;
				CLANG_WARN_STRICT_PROTOTYPES = YES;
				CLANG_WARN_SUSPICIOUS_MOVE = YES;
				CLANG_WARN_UNGUARDED_AVAILABILITY = YES_AGGRESSIVE;
				CLANG_WARN_UNREACHABLE_CODE = YES;
				CLANG_WARN__DUPLICATE_METHOD_MATCH = YES;
				COPY_PHASE_STRIP = NO;
				DEBUG_INFORMATION_FORMAT = "dwarf-with-dsym";
				ENABLE_NS_ASSERTIONS = NO;
				ENABLE_STRICT_OBJC_MSGSEND = YES;
				GCC_C_LANGUAGE_STANDARD = gnu11;
				GCC_NO_COMMON_BLOCKS = YES;
				GCC_WARN_64_TO_32_BIT_CONVERSION = YES;
				GCC_WARN_ABOUT_RETURN_TYPE = YES_ERROR;
				GCC_WARN_UNDECLARED_SELECTOR = YES;
				GCC_WARN_UNINITIALIZED_AUTOS = YES_AGGRESSIVE;
				GCC_WARN_UNUSED_FUNCTION = YES;
				GCC_WARN_UNUSED_VARIABLE = YES;
				IPHONEOS_DEPLOYMENT_TARGET = 13.0;
				MTL_ENABLE_DEBUG_INFO = NO;
				MTL_FAST_MATH = YES;
				SDKROOT = iphoneos;
				SWIFT_COMPILATION_MODE = wholemodule;
				SWIFT_OPTIMIZATION_LEVEL = "-O";
				VALIDATE_PRODUCT = YES;
			};
			name = Release;
		};
		13E39A5F29268FDB006D2BBF /* Debug */ = {
			isa = XCBuildConfiguration;
			buildSettings = {
				ASSETCATALOG_COMPILER_APPICON_NAME = AppIcon;
				ASSETCATALOG_COMPILER_GLOBAL_ACCENT_COLOR_NAME = AccentColor;
				CODE_SIGN_STYLE = Automatic;
				CURRENT_PROJECT_VERSION = 1;
				DEVELOPMENT_TEAM = LRWQUTLHSS;
				GENERATE_INFOPLIST_FILE = YES;
				INFOPLIST_FILE = ImageFeed/Info.plist;
				INFOPLIST_KEY_UIApplicationSupportsIndirectInputEvents = YES;
				INFOPLIST_KEY_UILaunchStoryboardName = LaunchScreen;
				INFOPLIST_KEY_UIMainStoryboardFile = Main;
				INFOPLIST_KEY_UIStatusBarStyle = UIStatusBarStyleLightContent;
				INFOPLIST_KEY_UISupportedInterfaceOrientations = UIInterfaceOrientationPortrait;
				INFOPLIST_KEY_UISupportedInterfaceOrientations_iPad = "UIInterfaceOrientationLandscapeLeft UIInterfaceOrientationLandscapeRight UIInterfaceOrientationPortrait UIInterfaceOrientationPortraitUpsideDown";
				IPHONEOS_DEPLOYMENT_TARGET = 15.0;
				LD_RUNPATH_SEARCH_PATHS = (
					"$(inherited)",
					"@executable_path/Frameworks",
				);
				MARKETING_VERSION = 1.0;
				PRODUCT_BUNDLE_IDENTIFIER = ru.yandex.practicum.ImageFeed;
				PRODUCT_NAME = "$(TARGET_NAME)";
				SUPPORTED_PLATFORMS = "iphoneos iphonesimulator";
				SUPPORTS_MACCATALYST = NO;
				SUPPORTS_MAC_DESIGNED_FOR_IPHONE_IPAD = NO;
				SWIFT_EMIT_LOC_STRINGS = YES;
				SWIFT_VERSION = 5.0;
				TARGETED_DEVICE_FAMILY = 1;
			};
			name = Debug;
		};
		13E39A6029268FDB006D2BBF /* Release */ = {
			isa = XCBuildConfiguration;
			buildSettings = {
				ASSETCATALOG_COMPILER_APPICON_NAME = AppIcon;
				ASSETCATALOG_COMPILER_GLOBAL_ACCENT_COLOR_NAME = AccentColor;
				CODE_SIGN_STYLE = Automatic;
				CURRENT_PROJECT_VERSION = 1;
				DEVELOPMENT_TEAM = LRWQUTLHSS;
				GENERATE_INFOPLIST_FILE = YES;
				INFOPLIST_FILE = ImageFeed/Info.plist;
				INFOPLIST_KEY_UIApplicationSupportsIndirectInputEvents = YES;
				INFOPLIST_KEY_UILaunchStoryboardName = LaunchScreen;
				INFOPLIST_KEY_UIMainStoryboardFile = Main;
				INFOPLIST_KEY_UIStatusBarStyle = UIStatusBarStyleLightContent;
				INFOPLIST_KEY_UISupportedInterfaceOrientations = UIInterfaceOrientationPortrait;
				INFOPLIST_KEY_UISupportedInterfaceOrientations_iPad = "UIInterfaceOrientationLandscapeLeft UIInterfaceOrientationLandscapeRight UIInterfaceOrientationPortrait UIInterfaceOrientationPortraitUpsideDown";
				IPHONEOS_DEPLOYMENT_TARGET = 15.0;
				LD_RUNPATH_SEARCH_PATHS = (
					"$(inherited)",
					"@executable_path/Frameworks",
				);
				MARKETING_VERSION = 1.0;
				PRODUCT_BUNDLE_IDENTIFIER = ru.yandex.practicum.ImageFeed;
				PRODUCT_NAME = "$(TARGET_NAME)";
				SUPPORTED_PLATFORMS = "iphoneos iphonesimulator";
				SUPPORTS_MACCATALYST = NO;
				SUPPORTS_MAC_DESIGNED_FOR_IPHONE_IPAD = NO;
				SWIFT_EMIT_LOC_STRINGS = YES;
				SWIFT_VERSION = 5.0;
				TARGETED_DEVICE_FAMILY = 1;
			};
			name = Release;
		};
/* End XCBuildConfiguration section */

/* Begin XCConfigurationList section */
		13E39A4529268FDA006D2BBF /* Build configuration list for PBXProject "ImageFeed" */ = {
			isa = XCConfigurationList;
			buildConfigurations = (
				13E39A5C29268FDB006D2BBF /* Debug */,
				13E39A5D29268FDB006D2BBF /* Release */,
			);
			defaultConfigurationIsVisible = 0;
			defaultConfigurationName = Release;
		};
		13E39A5E29268FDB006D2BBF /* Build configuration list for PBXNativeTarget "ImageFeed" */ = {
			isa = XCConfigurationList;
			buildConfigurations = (
				13E39A5F29268FDB006D2BBF /* Debug */,
				13E39A6029268FDB006D2BBF /* Release */,
			);
			defaultConfigurationIsVisible = 0;
			defaultConfigurationName = Release;
		};
/* End XCConfigurationList section */

/* Begin XCRemoteSwiftPackageReference section */
		135B71B12976E8CA00446EDB /* XCRemoteSwiftPackageReference "ProgressHUD" */ = {
			isa = XCRemoteSwiftPackageReference;
			repositoryURL = "https://github.com/relatedcode/ProgressHUD";
			requirement = {
				kind = upToNextMajorVersion;
				minimumVersion = 13.0.0;
			};
		};
		135B71BC298E500B00446EDB /* XCRemoteSwiftPackageReference "Kingfisher" */ = {
			isa = XCRemoteSwiftPackageReference;
			repositoryURL = "https://github.com/onevcat/Kingfisher";
			requirement = {
				kind = upToNextMajorVersion;
				minimumVersion = 7.0.0;
			};
		};
		135B71BF298E790400446EDB /* XCRemoteSwiftPackageReference "SwiftKeychainWrapper" */ = {
			isa = XCRemoteSwiftPackageReference;
			repositoryURL = "https://github.com/jrendel/SwiftKeychainWrapper";
			requirement = {
				kind = upToNextMajorVersion;
				minimumVersion = 4.0.0;
			};
		};
/* End XCRemoteSwiftPackageReference section */

/* Begin XCSwiftPackageProductDependency section */
		135B71B22976E8CA00446EDB /* ProgressHUD */ = {
			isa = XCSwiftPackageProductDependency;
			package = 135B71B12976E8CA00446EDB /* XCRemoteSwiftPackageReference "ProgressHUD" */;
			productName = ProgressHUD;
		};
		135B71BD298E500B00446EDB /* Kingfisher */ = {
			isa = XCSwiftPackageProductDependency;
			package = 135B71BC298E500B00446EDB /* XCRemoteSwiftPackageReference "Kingfisher" */;
			productName = Kingfisher;
		};
		135B71C0298E790400446EDB /* SwiftKeychainWrapper */ = {
			isa = XCSwiftPackageProductDependency;
			package = 135B71BF298E790400446EDB /* XCRemoteSwiftPackageReference "SwiftKeychainWrapper" */;
			productName = SwiftKeychainWrapper;
		};
/* End XCSwiftPackageProductDependency section */
	};
	rootObject = 13E39A4229268FDA006D2BBF /* Project object */;
}
